
Microsoft Visual Studio Solution File, Format Version 12.00
# Visual Studio Version 17
VisualStudioVersion = 17.8.34330.188
MinimumVisualStudioVersion = 10.0.40219.1
Project("{9A19103F-16F7-4668-BE54-9A1E7A4F7556}") = "file-reader-lib", "file-reader-lib.csproj", "{9522187F-EFCC-45F1-9E6C-74E609D0F197}"
EndProject
Project("{FAE04EC0-301F-11D3-BF4B-00C04F79EFBC}") = "file-reader-lib-tests", "..\FileTests\file-reader-lib-tests.csproj", "{4D3DA235-1ED7-4FDE-99A6-9C4F222C5351}"
EndProject
Global
	GlobalSection(SolutionConfigurationPlatforms) = preSolution
		Debug|Any CPU = Debug|Any CPU
		Release|Any CPU = Release|Any CPU
	EndGlobalSection
	GlobalSection(ProjectConfigurationPlatforms) = postSolution
		{9522187F-EFCC-45F1-9E6C-74E609D0F197}.Debug|Any CPU.ActiveCfg = Debug|Any CPU
		{9522187F-EFCC-45F1-9E6C-74E609D0F197}.Debug|Any CPU.Build.0 = Debug|Any CPU
		{9522187F-EFCC-45F1-9E6C-74E609D0F197}.Release|Any CPU.ActiveCfg = Release|Any CPU
		{9522187F-EFCC-45F1-9E6C-74E609D0F197}.Release|Any CPU.Build.0 = Release|Any CPU
		{4D3DA235-1ED7-4FDE-99A6-9C4F222C5351}.Debug|Any CPU.ActiveCfg = Debug|Any CPU
		{4D3DA235-1ED7-4FDE-99A6-9C4F222C5351}.Debug|Any CPU.Build.0 = Debug|Any CPU
		{4D3DA235-1ED7-4FDE-99A6-9C4F222C5351}.Release|Any CPU.ActiveCfg = Release|Any CPU
		{4D3DA235-1ED7-4FDE-99A6-9C4F222C5351}.Release|Any CPU.Build.0 = Release|Any CPU
	EndGlobalSection
	GlobalSection(SolutionProperties) = preSolution
		HideSolutionNode = FALSE
	EndGlobalSection
	GlobalSection(ExtensibilityGlobals) = postSolution
		SolutionGuid = {1D7473F1-1510-4EC8-A84A-3C05359FCFDD}
	EndGlobalSection
EndGlobal
